
Microsoft Visual Studio Solution File, Format Version 12.00
# Visual Studio Version 17
VisualStudioVersion = 17.0.32014.148
MinimumVisualStudioVersion = 10.0.40219.1
Project("{FAE04EC0-301F-11D3-BF4B-00C04F79EFBC}") = "BT1", "BT1\BT1.csproj", "{435DE949-8E0A-4F3C-A6F6-33CFD71158FC}"
EndProject
Global
	GlobalSection(SolutionConfigurationPlatforms) = preSolution
		Debug|Any CPU = Debug|Any CPU
		Release|Any CPU = Release|Any CPU
	EndGlobalSection
	GlobalSection(ProjectConfigurationPlatforms) = postSolution
		{435DE949-8E0A-4F3C-A6F6-33CFD71158FC}.Debug|Any CPU.ActiveCfg = Debug|Any CPU
		{435DE949-8E0A-4F3C-A6F6-33CFD71158FC}.Debug|Any CPU.Build.0 = Debug|Any CPU
		{435DE949-8E0A-4F3C-A6F6-33CFD71158FC}.Release|Any CPU.ActiveCfg = Release|Any CPU
		{435DE949-8E0A-4F3C-A6F6-33CFD71158FC}.Release|Any CPU.Build.0 = Release|Any CPU
	EndGlobalSection
	GlobalSection(SolutionProperties) = preSolution
		HideSolutionNode = FALSE
	EndGlobalSection
	GlobalSection(ExtensibilityGlobals) = postSolution
		SolutionGuid = {5A309F4B-93C2-4266-8E16-1C9A64DD967F}
	EndGlobalSection
EndGlobal
