
Microsoft Visual Studio Solution File, Format Version 12.00
# Visual Studio 15
VisualStudioVersion = 15.0.28307.1800
MinimumVisualStudioVersion = 10.0.40219.1
Project("{FAE04EC0-301F-11D3-BF4B-00C04F79EFBC}") = "Stutdent_Complain_Management", "Stutdent_Complain_Management\Stutdent_Complain_Management.csproj", "{5D0E95C6-73A0-4508-BB57-C436B1203F9C}"
EndProject
Global
	GlobalSection(SolutionConfigurationPlatforms) = preSolution
		Debug|Any CPU = Debug|Any CPU
		Release|Any CPU = Release|Any CPU
	EndGlobalSection
	GlobalSection(ProjectConfigurationPlatforms) = postSolution
		{5D0E95C6-73A0-4508-BB57-C436B1203F9C}.Debug|Any CPU.ActiveCfg = Debug|Any CPU
		{5D0E95C6-73A0-4508-BB57-C436B1203F9C}.Debug|Any CPU.Build.0 = Debug|Any CPU
		{5D0E95C6-73A0-4508-BB57-C436B1203F9C}.Release|Any CPU.ActiveCfg = Release|Any CPU
		{5D0E95C6-73A0-4508-BB57-C436B1203F9C}.Release|Any CPU.Build.0 = Release|Any CPU
	EndGlobalSection
	GlobalSection(SolutionProperties) = preSolution
		HideSolutionNode = FALSE
	EndGlobalSection
	GlobalSection(ExtensibilityGlobals) = postSolution
		SolutionGuid = {18C099A8-6916-4636-B512-5BECB5552BE7}
	EndGlobalSection
EndGlobal
